
Microsoft Visual Studio Solution File, Format Version 12.00
# Visual Studio Version 17
VisualStudioVersion = 17.4.33205.214
MinimumVisualStudioVersion = 10.0.40219.1
Project("{FAE04EC0-301F-11D3-BF4B-00C04F79EFBC}") = "AjaxCore", "AjaxCore\AjaxCore.csproj", "{1A44A821-9F78-4B07-94B0-167D7CEAA3A7}"
EndProject
Global
	GlobalSection(SolutionConfigurationPlatforms) = preSolution
		Debug|Any CPU = Debug|Any CPU
		Release|Any CPU = Release|Any CPU
	EndGlobalSection
	GlobalSection(ProjectConfigurationPlatforms) = postSolution
		{1A44A821-9F78-4B07-94B0-167D7CEAA3A7}.Debug|Any CPU.ActiveCfg = Debug|Any CPU
		{1A44A821-9F78-4B07-94B0-167D7CEAA3A7}.Debug|Any CPU.Build.0 = Debug|Any CPU
		{1A44A821-9F78-4B07-94B0-167D7CEAA3A7}.Release|Any CPU.ActiveCfg = Release|Any CPU
		{1A44A821-9F78-4B07-94B0-167D7CEAA3A7}.Release|Any CPU.Build.0 = Release|Any CPU
	EndGlobalSection
	GlobalSection(SolutionProperties) = preSolution
		HideSolutionNode = FALSE
	EndGlobalSection
	GlobalSection(ExtensibilityGlobals) = postSolution
		SolutionGuid = {8799CC7E-0631-4EE0-B6DA-18B3ADB54B04}
	EndGlobalSection
EndGlobal
